// !$*UTF8*$!
{
	archiveVersion = 1;
	classes = {
	};
	objectVersion = 51;
	objects = {

/* Begin PBXBuildFile section */
		2A1638AC2410E55B004CBEA3 /* ViewController.swift in Sources */ = {isa = PBXBuildFile; fileRef = 2A1638AB2410E55B004CBEA3 /* ViewController.swift */; };
		2A1EB6BD240FD3CB0044BC46 /* TripDetail.swift in Sources */ = {isa = PBXBuildFile; fileRef = 2A1EB6BC240FD3CB0044BC46 /* TripDetail.swift */; };
		2A1EB6BF24100DDA0044BC46 /* Date.swift in Sources */ = {isa = PBXBuildFile; fileRef = 2A1EB6BE24100DDA0044BC46 /* Date.swift */; };
		2A7F7936240E953800650330 /* AppDelegate.swift in Sources */ = {isa = PBXBuildFile; fileRef = 2A7F7935240E953800650330 /* AppDelegate.swift */; };
		2A7F7938240E953800650330 /* SceneDelegate.swift in Sources */ = {isa = PBXBuildFile; fileRef = 2A7F7937240E953800650330 /* SceneDelegate.swift */; };
		2A7F793D240E953800650330 /* Main.storyboard in Resources */ = {isa = PBXBuildFile; fileRef = 2A7F793B240E953800650330 /* Main.storyboard */; };
		2A7F793F240E953C00650330 /* Assets.xcassets in Resources */ = {isa = PBXBuildFile; fileRef = 2A7F793E240E953C00650330 /* Assets.xcassets */; };
		2A7F7942240E953C00650330 /* LaunchScreen.storyboard in Resources */ = {isa = PBXBuildFile; fileRef = 2A7F7940240E953C00650330 /* LaunchScreen.storyboard */; };
		8652A23B76A6B24A6E9D6AC6 /* Pods_Test.framework in Frameworks */ = {isa = PBXBuildFile; fileRef = A92E50D1068CE084F4CB187C /* Pods_Test.framework */; };
/* End PBXBuildFile section */

/* Begin PBXFileReference section */
		29BDA7670CF69B0F48F57FBC /* Pods-Test.release.xcconfig */ = {isa = PBXFileReference; includeInIndex = 1; lastKnownFileType = text.xcconfig; name = "Pods-Test.release.xcconfig"; path = "Target Support Files/Pods-Test/Pods-Test.release.xcconfig"; sourceTree = "<group>"; };
		2A1638AB2410E55B004CBEA3 /* ViewController.swift */ = {isa = PBXFileReference; fileEncoding = 4; lastKnownFileType = sourcecode.swift; path = ViewController.swift; sourceTree = "<group>"; };
		2A1EB6BC240FD3CB0044BC46 /* TripDetail.swift */ = {isa = PBXFileReference; fileEncoding = 4; lastKnownFileType = sourcecode.swift; path = TripDetail.swift; sourceTree = "<group>"; };
		2A1EB6BE24100DDA0044BC46 /* Date.swift */ = {isa = PBXFileReference; fileEncoding = 4; lastKnownFileType = sourcecode.swift; path = Date.swift; sourceTree = "<group>"; };
		2A7F7932240E953800650330 /* Test.app */ = {isa = PBXFileReference; explicitFileType = wrapper.application; includeInIndex = 0; path = Test.app; sourceTree = BUILT_PRODUCTS_DIR; };
		2A7F7935240E953800650330 /* AppDelegate.swift */ = {isa = PBXFileReference; lastKnownFileType = sourcecode.swift; path = AppDelegate.swift; sourceTree = "<group>"; };
		2A7F7937240E953800650330 /* SceneDelegate.swift */ = {isa = PBXFileReference; lastKnownFileType = sourcecode.swift; path = SceneDelegate.swift; sourceTree = "<group>"; };
		2A7F793C240E953800650330 /* Base */ = {isa = PBXFileReference; lastKnownFileType = file.storyboard; name = Base; path = Base.lproj/Main.storyboard; sourceTree = "<group>"; };
		2A7F793E240E953C00650330 /* Assets.xcassets */ = {isa = PBXFileReference; lastKnownFileType = folder.assetcatalog; path = Assets.xcassets; sourceTree = "<group>"; };
		2A7F7941240E953C00650330 /* Base */ = {isa = PBXFileReference; lastKnownFileType = file.storyboard; name = Base; path = Base.lproj/LaunchScreen.storyboard; sourceTree = "<group>"; };
		2A7F7943240E953D00650330 /* Info.plist */ = {isa = PBXFileReference; lastKnownFileType = text.plist.xml; path = Info.plist; sourceTree = "<group>"; };
		2A7F794A240E977C00650330 /* Test-Bridging-Header.h */ = {isa = PBXFileReference; fileEncoding = 4; lastKnownFileType = sourcecode.c.h; path = "Test-Bridging-Header.h"; sourceTree = "<group>"; };
		2A7F794B240E982200650330 /* xlsxwriter.framework */ = {isa = PBXFileReference; explicitFileType = wrapper.framework; path = xlsxwriter.framework; sourceTree = BUILT_PRODUCTS_DIR; };
		815AFCDE8F7EDA3A8895C579 /* Pods-Test.debug.xcconfig */ = {isa = PBXFileReference; includeInIndex = 1; lastKnownFileType = text.xcconfig; name = "Pods-Test.debug.xcconfig"; path = "Target Support Files/Pods-Test/Pods-Test.debug.xcconfig"; sourceTree = "<group>"; };
		A92E50D1068CE084F4CB187C /* Pods_Test.framework */ = {isa = PBXFileReference; explicitFileType = wrapper.framework; includeInIndex = 0; path = Pods_Test.framework; sourceTree = BUILT_PRODUCTS_DIR; };
/* End PBXFileReference section */

/* Begin PBXFrameworksBuildPhase section */
		2A7F792F240E953800650330 /* Frameworks */ = {
			isa = PBXFrameworksBuildPhase;
			buildActionMask = 2147483647;
			files = (
				8652A23B76A6B24A6E9D6AC6 /* Pods_Test.framework in Frameworks */,
			);
			runOnlyForDeploymentPostprocessing = 0;
		};
/* End PBXFrameworksBuildPhase section */

/* Begin PBXGroup section */
		2A7F7929240E953800650330 = {
			isa = PBXGroup;
			children = (
				2A7F7934240E953800650330 /* Test */,
				2A7F7933240E953800650330 /* Products */,
				8628F3B8EB5F5A72FC22B45C /* Pods */,
				2E9084B86CD1FAAB08872719 /* Frameworks */,
			);
			sourceTree = "<group>";
		};
		2A7F7933240E953800650330 /* Products */ = {
			isa = PBXGroup;
			children = (
				2A7F7932240E953800650330 /* Test.app */,
			);
			name = Products;
			sourceTree = "<group>";
		};
		2A7F7934240E953800650330 /* Test */ = {
			isa = PBXGroup;
			children = (
				2A7F794A240E977C00650330 /* Test-Bridging-Header.h */,
				2A7F7935240E953800650330 /* AppDelegate.swift */,
				2A7F7937240E953800650330 /* SceneDelegate.swift */,
				2A9FC6322410FAFA00B6F590 /* Controller */,
				2A9FC6302410FACD00B6F590 /* Model */,
				2A9FC6312410FAE900B6F590 /* Extension */,
				2A7F793B240E953800650330 /* Main.storyboard */,
				2A7F793E240E953C00650330 /* Assets.xcassets */,
				2A7F7940240E953C00650330 /* LaunchScreen.storyboard */,
				2A7F7943240E953D00650330 /* Info.plist */,
			);
			path = Test;
			sourceTree = "<group>";
		};
		2A9FC6302410FACD00B6F590 /* Model */ = {
			isa = PBXGroup;
			children = (
				2A1EB6BC240FD3CB0044BC46 /* TripDetail.swift */,
			);
			path = Model;
			sourceTree = "<group>";
		};
		2A9FC6312410FAE900B6F590 /* Extension */ = {
			isa = PBXGroup;
			children = (
				2A1EB6BE24100DDA0044BC46 /* Date.swift */,
			);
			path = Extension;
			sourceTree = "<group>";
		};
		2A9FC6322410FAFA00B6F590 /* Controller */ = {
			isa = PBXGroup;
			children = (
				2A1638AB2410E55B004CBEA3 /* ViewController.swift */,
			);
			path = Controller;
			sourceTree = "<group>";
		};
		2E9084B86CD1FAAB08872719 /* Frameworks */ = {
			isa = PBXGroup;
			children = (
				2A7F794B240E982200650330 /* xlsxwriter.framework */,
				A92E50D1068CE084F4CB187C /* Pods_Test.framework */,
			);
			name = Frameworks;
			sourceTree = "<group>";
		};
		8628F3B8EB5F5A72FC22B45C /* Pods */ = {
			isa = PBXGroup;
			children = (
				815AFCDE8F7EDA3A8895C579 /* Pods-Test.debug.xcconfig */,
				29BDA7670CF69B0F48F57FBC /* Pods-Test.release.xcconfig */,
			);
			path = Pods;
			sourceTree = "<group>";
		};
/* End PBXGroup section */

/* Begin PBXNativeTarget section */
		2A7F7931240E953800650330 /* Test */ = {
			isa = PBXNativeTarget;
			buildConfigurationList = 2A7F7946240E953D00650330 /* Build configuration list for PBXNativeTarget "Test" */;
			buildPhases = (
				70A89B7EFFF59F96033602F9 /* [CP] Check Pods Manifest.lock */,
				2A7F792E240E953800650330 /* Sources */,
				2A7F792F240E953800650330 /* Frameworks */,
				2A7F7930240E953800650330 /* Resources */,
				2E72829CF70915CAE51976BA /* [CP] Embed Pods Frameworks */,
			);
			buildRules = (
			);
			dependencies = (
			);
			name = Test;
			productName = Test;
			productReference = 2A7F7932240E953800650330 /* Test.app */;
			productType = "com.apple.product-type.application";
		};
/* End PBXNativeTarget section */

/* Begin PBXProject section */
		2A7F792A240E953800650330 /* Project object */ = {
			isa = PBXProject;
			attributes = {
				LastSwiftUpdateCheck = 1130;
				LastUpgradeCheck = 1130;
				ORGANIZATIONNAME = "Mehul Parmar";
				TargetAttributes = {
					2A7F7931240E953800650330 = {
						CreatedOnToolsVersion = 11.3.1;
					};
				};
			};
			buildConfigurationList = 2A7F792D240E953800650330 /* Build configuration list for PBXProject "Test" */;
			compatibilityVersion = "Xcode 9.3";
			developmentRegion = en;
			hasScannedForEncodings = 0;
			knownRegions = (
				en,
				Base,
			);
			mainGroup = 2A7F7929240E953800650330;
			productRefGroup = 2A7F7933240E953800650330 /* Products */;
			projectDirPath = "";
			projectRoot = "";
			targets = (
				2A7F7931240E953800650330 /* Test */,
			);
		};
/* End PBXProject section */

/* Begin PBXResourcesBuildPhase section */
		2A7F7930240E953800650330 /* Resources */ = {
			isa = PBXResourcesBuildPhase;
			buildActionMask = 2147483647;
			files = (
				2A7F7942240E953C00650330 /* LaunchScreen.storyboard in Resources */,
				2A7F793F240E953C00650330 /* Assets.xcassets in Resources */,
				2A7F793D240E953800650330 /* Main.storyboard in Resources */,
			);
			runOnlyForDeploymentPostprocessing = 0;
		};
/* End PBXResourcesBuildPhase section */

/* Begin PBXShellScriptBuildPhase section */
		2E72829CF70915CAE51976BA /* [CP] Embed Pods Frameworks */ = {
			isa = PBXShellScriptBuildPhase;
			buildActionMask = 2147483647;
			files = (
			);
			inputFileListPaths = (
				"${PODS_ROOT}/Target Support Files/Pods-Test/Pods-Test-frameworks-${CONFIGURATION}-input-files.xcfilelist",
			);
			name = "[CP] Embed Pods Frameworks";
			outputFileListPaths = (
				"${PODS_ROOT}/Target Support Files/Pods-Test/Pods-Test-frameworks-${CONFIGURATION}-output-files.xcfilelist",
			);
			runOnlyForDeploymentPostprocessing = 0;
			shellPath = /bin/sh;
			shellScript = "\"${PODS_ROOT}/Target Support Files/Pods-Test/Pods-Test-frameworks.sh\"\n";
			showEnvVarsInLog = 0;
		};
		70A89B7EFFF59F96033602F9 /* [CP] Check Pods Manifest.lock */ = {
			isa = PBXShellScriptBuildPhase;
			buildActionMask = 2147483647;
			files = (
			);
			inputFileListPaths = (
			);
			inputPaths = (
				"${PODS_PODFILE_DIR_PATH}/Podfile.lock",
				"${PODS_ROOT}/Manifest.lock",
			);
			name = "[CP] Check Pods Manifest.lock";
			outputFileListPaths = (
			);
			outputPaths = (
				"$(DERIVED_FILE_DIR)/Pods-Test-checkManifestLockResult.txt",
			);
			runOnlyForDeploymentPostprocessing = 0;
			shellPath = /bin/sh;
			shellScript = "diff \"${PODS_PODFILE_DIR_PATH}/Podfile.lock\" \"${PODS_ROOT}/Manifest.lock\" > /dev/null\nif [ $? != 0 ] ; then\n    # print error to STDERR\n    echo \"error: The sandbox is not in sync with the Podfile.lock. Run 'pod install' or update your CocoaPods installation.\" >&2\n    exit 1\nfi\n# This output is used by Xcode 'outputs' to avoid re-running this script phase.\necho \"SUCCESS\" > \"${SCRIPT_OUTPUT_FILE_0}\"\n";
			showEnvVarsInLog = 0;
		};
/* End PBXShellScriptBuildPhase section */

/* Begin PBXSourcesBuildPhase section */
		2A7F792E240E953800650330 /* Sources */ = {
			isa = PBXSourcesBuildPhase;
			buildActionMask = 2147483647;
			files = (
				2A1EB6BD240FD3CB0044BC46 /* TripDetail.swift in Sources */,
				2A1EB6BF24100DDA0044BC46 /* Date.swift in Sources */,
				2A7F7936240E953800650330 /* AppDelegate.swift in Sources */,
				2A1638AC2410E55B004CBEA3 /* ViewController.swift in Sources */,
				2A7F7938240E953800650330 /* SceneDelegate.swift in Sources */,
			);
			runOnlyForDeploymentPostprocessing = 0;
		};
/* End PBXSourcesBuildPhase section */

/* Begin PBXVariantGroup section */
		2A7F793B240E953800650330 /* Main.storyboard */ = {
			isa = PBXVariantGroup;
			children = (
				2A7F793C240E953800650330 /* Base */,
			);
			name = Main.storyboard;
			sourceTree = "<group>";
		};
		2A7F7940240E953C00650330 /* LaunchScreen.storyboard */ = {
			isa = PBXVariantGroup;
			children = (
				2A7F7941240E953C00650330 /* Base */,
			);
			name = LaunchScreen.storyboard;
			sourceTree = "<group>";
		};
/* End PBXVariantGroup section */

/* Begin XCBuildConfiguration section */
		2A7F7944240E953D00650330 /* Debug */ = {
			isa = XCBuildConfiguration;
			buildSettings = {
				ALWAYS_SEARCH_USER_PATHS = NO;
				CLANG_ANALYZER_NONNULL = YES;
				CLANG_ANALYZER_NUMBER_OBJECT_CONVERSION = YES_AGGRESSIVE;
				CLANG_CXX_LANGUAGE_STANDARD = "gnu++14";
				CLANG_CXX_LIBRARY = "libc++";
				CLANG_ENABLE_MODULES = YES;
				CLANG_ENABLE_OBJC_ARC = YES;
				CLANG_ENABLE_OBJC_WEAK = YES;
				CLANG_WARN_BLOCK_CAPTURE_AUTORELEASING = YES;
				CLANG_WARN_BOOL_CONVERSION = YES;
				CLANG_WARN_COMMA = YES;
				CLANG_WARN_CONSTANT_CONVERSION = YES;
				CLANG_WARN_DEPRECATED_OBJC_IMPLEMENTATIONS = YES;
				CLANG_WARN_DIRECT_OBJC_ISA_USAGE = YES_ERROR;
				CLANG_WARN_DOCUMENTATION_COMMENTS = YES;
				CLANG_WARN_EMPTY_BODY = YES;
				CLANG_WARN_ENUM_CONVERSION = YES;
				CLANG_WARN_INFINITE_RECURSION = YES;
				CLANG_WARN_INT_CONVERSION = YES;
				CLANG_WARN_NON_LITERAL_NULL_CONVERSION = YES;
				CLANG_WARN_OBJC_IMPLICIT_RETAIN_SELF = YES;
				CLANG_WARN_OBJC_LITERAL_CONVERSION = YES;
				CLANG_WARN_OBJC_ROOT_CLASS = YES_ERROR;
				CLANG_WARN_RANGE_LOOP_ANALYSIS = YES;
				CLANG_WARN_STRICT_PROTOTYPES = YES;
				CLANG_WARN_SUSPICIOUS_MOVE = YES;
				CLANG_WARN_UNGUARDED_AVAILABILITY = YES_AGGRESSIVE;
				CLANG_WARN_UNREACHABLE_CODE = YES;
				CLANG_WARN__DUPLICATE_METHOD_MATCH = YES;
				COPY_PHASE_STRIP = NO;
				DEBUG_INFORMATION_FORMAT = dwarf;
				ENABLE_STRICT_OBJC_MSGSEND = YES;
				ENABLE_TESTABILITY = YES;
				GCC_C_LANGUAGE_STANDARD = gnu11;
				GCC_DYNAMIC_NO_PIC = NO;
				GCC_NO_COMMON_BLOCKS = YES;
				GCC_OPTIMIZATION_LEVEL = 0;
				GCC_PREPROCESSOR_DEFINITIONS = (
					"DEBUG=1",
					"$(inherited)",
				);
				GCC_WARN_64_TO_32_BIT_CONVERSION = YES;
				GCC_WARN_ABOUT_RETURN_TYPE = YES_ERROR;
				GCC_WARN_UNDECLARED_SELECTOR = YES;
				GCC_WARN_UNINITIALIZED_AUTOS = YES_AGGRESSIVE;
				GCC_WARN_UNUSED_FUNCTION = YES;
				GCC_WARN_UNUSED_VARIABLE = YES;
				IPHONEOS_DEPLOYMENT_TARGET = 11.0;
				MTL_ENABLE_DEBUG_INFO = INCLUDE_SOURCE;
				MTL_FAST_MATH = YES;
				ONLY_ACTIVE_ARCH = YES;
				SDKROOT = iphoneos;
				SWIFT_ACTIVE_COMPILATION_CONDITIONS = DEBUG;
				SWIFT_OPTIMIZATION_LEVEL = "-Onone";
			};
			name = Debug;
		};
		2A7F7945240E953D00650330 /* Release */ = {
			isa = XCBuildConfiguration;
			buildSettings = {
				ALWAYS_SEARCH_USER_PATHS = NO;
				CLANG_ANALYZER_NONNULL = YES;
				CLANG_ANALYZER_NUMBER_OBJECT_CONVERSION = YES_AGGRESSIVE;
				CLANG_CXX_LANGUAGE_STANDARD = "gnu++14";
				CLANG_CXX_LIBRARY = "libc++";
				CLANG_ENABLE_MODULES = YES;
				CLANG_ENABLE_OBJC_ARC = YES;
				CLANG_ENABLE_OBJC_WEAK = YES;
				CLANG_WARN_BLOCK_CAPTURE_AUTORELEASING = YES;
				CLANG_WARN_BOOL_CONVERSION = YES;
				CLANG_WARN_COMMA = YES;
				CLANG_WARN_CONSTANT_CONVERSION = YES;
				CLANG_WARN_DEPRECATED_OBJC_IMPLEMENTATIONS = YES;
				CLANG_WARN_DIRECT_OBJC_ISA_USAGE = YES_ERROR;
				CLANG_WARN_DOCUMENTATION_COMMENTS = YES;
				CLANG_WARN_EMPTY_BODY = YES;
				CLANG_WARN_ENUM_CONVERSION = YES;
				CLANG_WARN_INFINITE_RECURSION = YES;
				CLANG_WARN_INT_CONVERSION = YES;
				CLANG_WARN_NON_LITERAL_NULL_CONVERSION = YES;
				CLANG_WARN_OBJC_IMPLICIT_RETAIN_SELF = YES;
				CLANG_WARN_OBJC_LITERAL_CONVERSION = YES;
				CLANG_WARN_OBJC_ROOT_CLASS = YES_ERROR;
				CLANG_WARN_RANGE_LOOP_ANALYSIS = YES;
				CLANG_WARN_STRICT_PROTOTYPES = YES;
				CLANG_WARN_SUSPICIOUS_MOVE = YES;
				CLANG_WARN_UNGUARDED_AVAILABILITY = YES_AGGRESSIVE;
				CLANG_WARN_UNREACHABLE_CODE = YES;
				CLANG_WARN__DUPLICATE_METHOD_MATCH = YES;
				COPY_PHASE_STRIP = NO;
				DEBUG_INFORMATION_FORMAT = "dwarf-with-dsym";
				ENABLE_NS_ASSERTIONS = NO;
				ENABLE_STRICT_OBJC_MSGSEND = YES;
				GCC_C_LANGUAGE_STANDARD = gnu11;
				GCC_NO_COMMON_BLOCKS = YES;
				GCC_WARN_64_TO_32_BIT_CONVERSION = YES;
				GCC_WARN_ABOUT_RETURN_TYPE = YES_ERROR;
				GCC_WARN_UNDECLARED_SELECTOR = YES;
				GCC_WARN_UNINITIALIZED_AUTOS = YES_AGGRESSIVE;
				GCC_WARN_UNUSED_FUNCTION = YES;
				GCC_WARN_UNUSED_VARIABLE = YES;
				IPHONEOS_DEPLOYMENT_TARGET = 11.0;
				MTL_ENABLE_DEBUG_INFO = NO;
				MTL_FAST_MATH = YES;
				SDKROOT = iphoneos;
				SWIFT_COMPILATION_MODE = wholemodule;
				SWIFT_OPTIMIZATION_LEVEL = "-O";
				VALIDATE_PRODUCT = YES;
			};
			name = Release;
		};
		2A7F7947240E953D00650330 /* Debug */ = {
			isa = XCBuildConfiguration;
			baseConfigurationReference = 815AFCDE8F7EDA3A8895C579 /* Pods-Test.debug.xcconfig */;
			buildSettings = {
				ASSETCATALOG_COMPILER_APPICON_NAME = AppIcon;
				CODE_SIGN_STYLE = Automatic;
				DEVELOPMENT_TEAM = FLBUXALG5Y;
				GCC_PREPROCESSOR_DEFINITIONS = (
					"$(inherited)",
					"COCOAPODS=1",
					"USE_FILE32API=1",
					"NOCRYPT=1",
					"NOUNCRYPT=1",
				);
				INFOPLIST_FILE = Test/Info.plist;
				IPHONEOS_DEPLOYMENT_TARGET = 11.0;
				LD_RUNPATH_SEARCH_PATHS = (
					"$(inherited)",
					"@executable_path/Frameworks",
				);
				PRODUCT_BUNDLE_IDENTIFIER = com.invixium.ixmsalesapp;
				PRODUCT_NAME = "$(TARGET_NAME)";
				SWIFT_OBJC_BRIDGING_HEADER = "Test/Test-Bridging-Header.h";
				SWIFT_VERSION = 5.0;
				TARGETED_DEVICE_FAMILY = "1,2";
				USER_HEADER_SEARCH_PATHS = "$(SRCROOT)/xlsxwriter/include/";
			};
			name = Debug;
		};
		2A7F7948240E953D00650330 /* Release */ = {
			isa = XCBuildConfiguration;
			baseConfigurationReference = 29BDA7670CF69B0F48F57FBC /* Pods-Test.release.xcconfig */;
			buildSettings = {
				ASSETCATALOG_COMPILER_APPICON_NAME = AppIcon;
				CODE_SIGN_STYLE = Automatic;
				DEVELOPMENT_TEAM = FLBUXALG5Y;
				INFOPLIST_FILE = Test/Info.plist;
				IPHONEOS_DEPLOYMENT_TARGET = 11.0;
				LD_RUNPATH_SEARCH_PATHS = (
					"$(inherited)",
					"@executable_path/Frameworks",
				);
				PRODUCT_BUNDLE_IDENTIFIER = com.invixium.ixmsalesapp;
				PRODUCT_NAME = "$(TARGET_NAME)";
				SWIFT_OBJC_BRIDGING_HEADER = "Test/Test-Bridging-Header.h";
				SWIFT_VERSION = 5.0;
				TARGETED_DEVICE_FAMILY = "1,2";
				USER_HEADER_SEARCH_PATHS = "$(SRCROOT)/xlsxwriter/include/";
			};
			name = Release;
		};
/* End XCBuildConfiguration section */

/* Begin XCConfigurationList section */
		2A7F792D240E953800650330 /* Build configuration list for PBXProject "Test" */ = {
			isa = XCConfigurationList;
			buildConfigurations = (
				2A7F7944240E953D00650330 /* Debug */,
				2A7F7945240E953D00650330 /* Release */,
			);
			defaultConfigurationIsVisible = 0;
			defaultConfigurationName = Release;
		};
		2A7F7946240E953D00650330 /* Build configuration list for PBXNativeTarget "Test" */ = {
			isa = XCConfigurationList;
			buildConfigurations = (
				2A7F7947240E953D00650330 /* Debug */,
				2A7F7948240E953D00650330 /* Release */,
			);
			defaultConfigurationIsVisible = 0;
			defaultConfigurationName = Release;
		};
/* End XCConfigurationList section */
	};
	rootObject = 2A7F792A240E953800650330 /* Project object */;
}
